
Microsoft Visual Studio Solution File, Format Version 12.00
Project("{2150E333-8FDC-42A3-9474-1A3956D46DE8}") = "Presentation", "Presentation", "{41A284F2-24C9-4EF2-9E74-5B1AAE7BBD57}"
EndProject
Project("{2150E333-8FDC-42A3-9474-1A3956D46DE8}") = "Infrastructure", "Infrastructure", "{2007777B-BACA-4F38-A88E-D12A80648B68}"
EndProject
Project("{2150E333-8FDC-42A3-9474-1A3956D46DE8}") = "Core", "Core", "{AF0BBE1D-93C1-48EF-8285-C5778B63A8D0}"
EndProject
Project("{FAE04EC0-301F-11D3-BF4B-00C04F79EFBC}") = "QuestionService.Api", "QuestionService.Api\QuestionService.Api.csproj", "{672FB5AA-F527-4C51-975B-32A528319331}"
EndProject
Project("{2150E333-8FDC-42A3-9474-1A3956D46DE8}") = "Solution Items", "Solution Items", "{AF069C1A-F412-49E8-82D3-A51C355CA089}"
	ProjectSection(SolutionItems) = preProject
		docker-compose.yml = docker-compose.yml
		.env = .env
		.github\workflows\tests.yml = .github\workflows\tests.yml
		.github\workflows\docker.yml = .github\workflows\docker.yml
		logstash.conf = logstash.conf
		.github\workflows\qodana_code_quality.yml = .github\workflows\qodana_code_quality.yml
		.github\workflows\sonarqube.yml = .github\workflows\sonarqube.yml
		README.md = README.md
	EndProjectSection
EndProject
Project("{FAE04EC0-301F-11D3-BF4B-00C04F79EFBC}") = "QuestionService.Domain", "QuestionService.Domain\QuestionService.Domain.csproj", "{50E32C02-7908-463C-AD43-9E7D2B0AFA04}"
EndProject
Project("{FAE04EC0-301F-11D3-BF4B-00C04F79EFBC}") = "QuestionService.Application", "QuestionService.Application\QuestionService.Application.csproj", "{C5540D77-3FB1-4203-8EEE-A7E7080F64E5}"
EndProject
Project("{FAE04EC0-301F-11D3-BF4B-00C04F79EFBC}") = "QuestionService.DAL", "QuestionService.DAL\QuestionService.DAL.csproj", "{6B6058F8-F22F-4BC6-B6D5-1D693E24CE97}"
EndProject
Project("{FAE04EC0-301F-11D3-BF4B-00C04F79EFBC}") = "QuestionService.GrpcClient", "QuestionService.GrpcClient\QuestionService.GrpcClient.csproj", "{BE96CF75-3383-43BC-A992-9240EB45B45C}"
EndProject
Project("{2150E333-8FDC-42A3-9474-1A3956D46DE8}") = "Test", "Test", "{09F07A13-8ECC-4415-859E-9F7CE518168E}"
EndProject
Project("{FAE04EC0-301F-11D3-BF4B-00C04F79EFBC}") = "QuestionService.Tests", "QuestionService.Tests\QuestionService.Tests.csproj", "{818DBAD1-6DF8-46EF-AE61-362515A6E629}"
EndProject
Project("{FAE04EC0-301F-11D3-BF4B-00C04F79EFBC}") = "QuestionService.Messaging", "QuestionService.Messaging\QuestionService.Messaging.csproj", "{5C4DB8E5-26A6-48D6-96ED-6372EB0DB536}"
EndProject
Project("{FAE04EC0-301F-11D3-BF4B-00C04F79EFBC}") = "QuestionService.Outbox", "QuestionService.Outbox\QuestionService.Outbox.csproj", "{159B1B5F-6F16-47ED-BFAD-32253C5A2D37}"
EndProject
Project("{FAE04EC0-301F-11D3-BF4B-00C04F79EFBC}") = "QuestionService.GraphQl", "QuestionService.GraphQl\QuestionService.GraphQl.csproj", "{1A274F95-DF39-414F-84E2-37C5FF23A7B7}"
EndProject
Project("{FAE04EC0-301F-11D3-BF4B-00C04F79EFBC}") = "QuestionService.BackgroundJobs", "QuestionService.BackgroundJobs\QuestionService.BackgroundJobs.csproj", "{74FBE52D-D61C-48D1-A9B9-AF24A9F5577F}"
EndProject
Project("{FAE04EC0-301F-11D3-BF4B-00C04F79EFBC}") = "QuestionService.Cache", "QuestionService.Cache\QuestionService.Cache.csproj", "{300BB8BB-4D77-436E-B830-DAF968222904}"
EndProject
Project("{FAE04EC0-301F-11D3-BF4B-00C04F79EFBC}") = "QuestionService.GrpcServer", "QuestionService.GrpcServer\QuestionService.GrpcServer.csproj", "{370354BA-8A82-4FF0-A2AD-8174F460672E}"
EndProject
Global
	GlobalSection(SolutionConfigurationPlatforms) = preSolution
		Debug|Any CPU = Debug|Any CPU
		Release|Any CPU = Release|Any CPU
	EndGlobalSection
	GlobalSection(NestedProjects) = preSolution
		{672FB5AA-F527-4C51-975B-32A528319331} = {41A284F2-24C9-4EF2-9E74-5B1AAE7BBD57}
		{50E32C02-7908-463C-AD43-9E7D2B0AFA04} = {AF0BBE1D-93C1-48EF-8285-C5778B63A8D0}
		{C5540D77-3FB1-4203-8EEE-A7E7080F64E5} = {AF0BBE1D-93C1-48EF-8285-C5778B63A8D0}
		{6B6058F8-F22F-4BC6-B6D5-1D693E24CE97} = {2007777B-BACA-4F38-A88E-D12A80648B68}
		{BE96CF75-3383-43BC-A992-9240EB45B45C} = {2007777B-BACA-4F38-A88E-D12A80648B68}
		{818DBAD1-6DF8-46EF-AE61-362515A6E629} = {09F07A13-8ECC-4415-859E-9F7CE518168E}
		{5C4DB8E5-26A6-48D6-96ED-6372EB0DB536} = {2007777B-BACA-4F38-A88E-D12A80648B68}
		{159B1B5F-6F16-47ED-BFAD-32253C5A2D37} = {2007777B-BACA-4F38-A88E-D12A80648B68}
		{1A274F95-DF39-414F-84E2-37C5FF23A7B7} = {41A284F2-24C9-4EF2-9E74-5B1AAE7BBD57}
		{74FBE52D-D61C-48D1-A9B9-AF24A9F5577F} = {2007777B-BACA-4F38-A88E-D12A80648B68}
		{300BB8BB-4D77-436E-B830-DAF968222904} = {2007777B-BACA-4F38-A88E-D12A80648B68}
		{370354BA-8A82-4FF0-A2AD-8174F460672E} = {41A284F2-24C9-4EF2-9E74-5B1AAE7BBD57}
	EndGlobalSection
	GlobalSection(ProjectConfigurationPlatforms) = postSolution
		{672FB5AA-F527-4C51-975B-32A528319331}.Debug|Any CPU.ActiveCfg = Debug|Any CPU
		{672FB5AA-F527-4C51-975B-32A528319331}.Debug|Any CPU.Build.0 = Debug|Any CPU
		{672FB5AA-F527-4C51-975B-32A528319331}.Release|Any CPU.ActiveCfg = Release|Any CPU
		{672FB5AA-F527-4C51-975B-32A528319331}.Release|Any CPU.Build.0 = Release|Any CPU
		{50E32C02-7908-463C-AD43-9E7D2B0AFA04}.Debug|Any CPU.ActiveCfg = Debug|Any CPU
		{50E32C02-7908-463C-AD43-9E7D2B0AFA04}.Debug|Any CPU.Build.0 = Debug|Any CPU
		{50E32C02-7908-463C-AD43-9E7D2B0AFA04}.Release|Any CPU.ActiveCfg = Release|Any CPU
		{50E32C02-7908-463C-AD43-9E7D2B0AFA04}.Release|Any CPU.Build.0 = Release|Any CPU
		{C5540D77-3FB1-4203-8EEE-A7E7080F64E5}.Debug|Any CPU.ActiveCfg = Debug|Any CPU
		{C5540D77-3FB1-4203-8EEE-A7E7080F64E5}.Debug|Any CPU.Build.0 = Debug|Any CPU
		{C5540D77-3FB1-4203-8EEE-A7E7080F64E5}.Release|Any CPU.ActiveCfg = Release|Any CPU
		{C5540D77-3FB1-4203-8EEE-A7E7080F64E5}.Release|Any CPU.Build.0 = Release|Any CPU
		{6B6058F8-F22F-4BC6-B6D5-1D693E24CE97}.Debug|Any CPU.ActiveCfg = Debug|Any CPU
		{6B6058F8-F22F-4BC6-B6D5-1D693E24CE97}.Debug|Any CPU.Build.0 = Debug|Any CPU
		{6B6058F8-F22F-4BC6-B6D5-1D693E24CE97}.Release|Any CPU.ActiveCfg = Release|Any CPU
		{6B6058F8-F22F-4BC6-B6D5-1D693E24CE97}.Release|Any CPU.Build.0 = Release|Any CPU
		{BE96CF75-3383-43BC-A992-9240EB45B45C}.Debug|Any CPU.ActiveCfg = Debug|Any CPU
		{BE96CF75-3383-43BC-A992-9240EB45B45C}.Debug|Any CPU.Build.0 = Debug|Any CPU
		{BE96CF75-3383-43BC-A992-9240EB45B45C}.Release|Any CPU.ActiveCfg = Release|Any CPU
		{BE96CF75-3383-43BC-A992-9240EB45B45C}.Release|Any CPU.Build.0 = Release|Any CPU
		{818DBAD1-6DF8-46EF-AE61-362515A6E629}.Debug|Any CPU.ActiveCfg = Debug|Any CPU
		{818DBAD1-6DF8-46EF-AE61-362515A6E629}.Debug|Any CPU.Build.0 = Debug|Any CPU
		{818DBAD1-6DF8-46EF-AE61-362515A6E629}.Release|Any CPU.ActiveCfg = Release|Any CPU
		{818DBAD1-6DF8-46EF-AE61-362515A6E629}.Release|Any CPU.Build.0 = Release|Any CPU
		{5C4DB8E5-26A6-48D6-96ED-6372EB0DB536}.Debug|Any CPU.ActiveCfg = Debug|Any CPU
		{5C4DB8E5-26A6-48D6-96ED-6372EB0DB536}.Debug|Any CPU.Build.0 = Debug|Any CPU
		{5C4DB8E5-26A6-48D6-96ED-6372EB0DB536}.Release|Any CPU.ActiveCfg = Release|Any CPU
		{5C4DB8E5-26A6-48D6-96ED-6372EB0DB536}.Release|Any CPU.Build.0 = Release|Any CPU
		{159B1B5F-6F16-47ED-BFAD-32253C5A2D37}.Debug|Any CPU.ActiveCfg = Debug|Any CPU
		{159B1B5F-6F16-47ED-BFAD-32253C5A2D37}.Debug|Any CPU.Build.0 = Debug|Any CPU
		{159B1B5F-6F16-47ED-BFAD-32253C5A2D37}.Release|Any CPU.ActiveCfg = Release|Any CPU
		{159B1B5F-6F16-47ED-BFAD-32253C5A2D37}.Release|Any CPU.Build.0 = Release|Any CPU
		{1A274F95-DF39-414F-84E2-37C5FF23A7B7}.Debug|Any CPU.ActiveCfg = Debug|Any CPU
		{1A274F95-DF39-414F-84E2-37C5FF23A7B7}.Debug|Any CPU.Build.0 = Debug|Any CPU
		{1A274F95-DF39-414F-84E2-37C5FF23A7B7}.Release|Any CPU.ActiveCfg = Release|Any CPU
		{1A274F95-DF39-414F-84E2-37C5FF23A7B7}.Release|Any CPU.Build.0 = Release|Any CPU
		{74FBE52D-D61C-48D1-A9B9-AF24A9F5577F}.Debug|Any CPU.ActiveCfg = Debug|Any CPU
		{74FBE52D-D61C-48D1-A9B9-AF24A9F5577F}.Debug|Any CPU.Build.0 = Debug|Any CPU
		{74FBE52D-D61C-48D1-A9B9-AF24A9F5577F}.Release|Any CPU.ActiveCfg = Release|Any CPU
		{74FBE52D-D61C-48D1-A9B9-AF24A9F5577F}.Release|Any CPU.Build.0 = Release|Any CPU
		{300BB8BB-4D77-436E-B830-DAF968222904}.Debug|Any CPU.ActiveCfg = Debug|Any CPU
		{300BB8BB-4D77-436E-B830-DAF968222904}.Debug|Any CPU.Build.0 = Debug|Any CPU
		{300BB8BB-4D77-436E-B830-DAF968222904}.Release|Any CPU.ActiveCfg = Release|Any CPU
		{300BB8BB-4D77-436E-B830-DAF968222904}.Release|Any CPU.Build.0 = Release|Any CPU
		{370354BA-8A82-4FF0-A2AD-8174F460672E}.Debug|Any CPU.ActiveCfg = Debug|Any CPU
		{370354BA-8A82-4FF0-A2AD-8174F460672E}.Debug|Any CPU.Build.0 = Debug|Any CPU
		{370354BA-8A82-4FF0-A2AD-8174F460672E}.Release|Any CPU.ActiveCfg = Release|Any CPU
		{370354BA-8A82-4FF0-A2AD-8174F460672E}.Release|Any CPU.Build.0 = Release|Any CPU
	EndGlobalSection
EndGlobal
